
Microsoft Visual Studio Solution File, Format Version 12.00
# Visual Studio Version 16
VisualStudioVersion = 16.0.31025.194
MinimumVisualStudioVersion = 10.0.40219.1
Project("{9A19103F-16F7-4668-BE54-9A1E7A4F7556}") = "TurnerSoftware.BuildVersioning", "src\TurnerSoftware.BuildVersioning\TurnerSoftware.BuildVersioning.csproj", "{F7049F6B-9985-41A7-A911-EAE54EB8A708}"
EndProject
Project("{9A19103F-16F7-4668-BE54-9A1E7A4F7556}") = "TurnerSoftware.BuildVersioning.Tool", "src\TurnerSoftware.BuildVersioning.Tool\TurnerSoftware.BuildVersioning.Tool.csproj", "{D796E0D8-9315-47F1-86BD-EA8958E5A7FA}"
EndProject
Project("{2150E333-8FDC-42A3-9474-1A3956D46DE8}") = "src", "src", "{1EFB8EBA-39B4-472E-9DE3-2B25E902EE2C}"
	ProjectSection(SolutionItems) = preProject
		src\Directory.Build.props = src\Directory.Build.props
	EndProjectSection
EndProject
Project("{2150E333-8FDC-42A3-9474-1A3956D46DE8}") = "global", "global", "{790239FE-AB99-45EE-B764-23F4F351C61E}"
	ProjectSection(SolutionItems) = preProject
		.appveyor.yml = .appveyor.yml
		.codecov.yml = .codecov.yml
		.editorconfig = .editorconfig
		.gitignore = .gitignore
		CodeCoverage.runsettings = CodeCoverage.runsettings
		License.txt = License.txt
		README.md = README.md
	EndProjectSection
EndProject
Global
	GlobalSection(SolutionConfigurationPlatforms) = preSolution
		Debug|Any CPU = Debug|Any CPU
		Release|Any CPU = Release|Any CPU
	EndGlobalSection
	GlobalSection(ProjectConfigurationPlatforms) = postSolution
		{F7049F6B-9985-41A7-A911-EAE54EB8A708}.Debug|Any CPU.ActiveCfg = Debug|Any CPU
		{F7049F6B-9985-41A7-A911-EAE54EB8A708}.Debug|Any CPU.Build.0 = Debug|Any CPU
		{F7049F6B-9985-41A7-A911-EAE54EB8A708}.Release|Any CPU.ActiveCfg = Release|Any CPU
		{F7049F6B-9985-41A7-A911-EAE54EB8A708}.Release|Any CPU.Build.0 = Release|Any CPU
		{D796E0D8-9315-47F1-86BD-EA8958E5A7FA}.Debug|Any CPU.ActiveCfg = Debug|Any CPU
		{D796E0D8-9315-47F1-86BD-EA8958E5A7FA}.Debug|Any CPU.Build.0 = Debug|Any CPU
		{D796E0D8-9315-47F1-86BD-EA8958E5A7FA}.Release|Any CPU.ActiveCfg = Release|Any CPU
		{D796E0D8-9315-47F1-86BD-EA8958E5A7FA}.Release|Any CPU.Build.0 = Release|Any CPU
	EndGlobalSection
	GlobalSection(SolutionProperties) = preSolution
		HideSolutionNode = FALSE
	EndGlobalSection
	GlobalSection(NestedProjects) = preSolution
		{F7049F6B-9985-41A7-A911-EAE54EB8A708} = {1EFB8EBA-39B4-472E-9DE3-2B25E902EE2C}
		{D796E0D8-9315-47F1-86BD-EA8958E5A7FA} = {1EFB8EBA-39B4-472E-9DE3-2B25E902EE2C}
	EndGlobalSection
	GlobalSection(ExtensibilityGlobals) = postSolution
		SolutionGuid = {17BD2449-BDDF-40FB-A123-E2B7B927BF9C}
	EndGlobalSection
EndGlobal
